
Microsoft Visual Studio Solution File, Format Version 12.00
# Visual Studio 15
Project("{FAE04EC0-301F-11D3-BF4B-00C04F79EFBC}") = "Assembly-CSharp-Editor", "Assembly-CSharp-Editor.csproj", "{373AD44D-3086-7629-53B5-83166133A981}"
EndProject
Project("{FAE04EC0-301F-11D3-BF4B-00C04F79EFBC}") = "Assembly-CSharp", "Assembly-CSharp.csproj", "{AFAB4885-A72A-1BC3-564E-7E6EA411DE25}"
EndProject
Global
	GlobalSection(SolutionConfigurationPlatforms) = preSolution
		Debug|Any CPU = Debug|Any CPU
		Release|Any CPU = Release|Any CPU
	EndGlobalSection
	GlobalSection(ProjectConfigurationPlatforms) = postSolution
		{373AD44D-3086-7629-53B5-83166133A981}.Debug|Any CPU.ActiveCfg = Debug|Any CPU
		{373AD44D-3086-7629-53B5-83166133A981}.Debug|Any CPU.Build.0 = Debug|Any CPU
		{373AD44D-3086-7629-53B5-83166133A981}.Release|Any CPU.ActiveCfg = Release|Any CPU
		{373AD44D-3086-7629-53B5-83166133A981}.Release|Any CPU.Build.0 = Release|Any CPU
		{AFAB4885-A72A-1BC3-564E-7E6EA411DE25}.Debug|Any CPU.ActiveCfg = Debug|Any CPU
		{AFAB4885-A72A-1BC3-564E-7E6EA411DE25}.Debug|Any CPU.Build.0 = Debug|Any CPU
		{AFAB4885-A72A-1BC3-564E-7E6EA411DE25}.Release|Any CPU.ActiveCfg = Release|Any CPU
		{AFAB4885-A72A-1BC3-564E-7E6EA411DE25}.Release|Any CPU.Build.0 = Release|Any CPU
	EndGlobalSection
	GlobalSection(SolutionProperties) = preSolution
		HideSolutionNode = FALSE
	EndGlobalSection
EndGlobal
